
Microsoft Visual Studio Solution File, Format Version 12.00
# Visual Studio Version 17
VisualStudioVersion = 17.6.33829.357
MinimumVisualStudioVersion = 10.0.40219.1
Project("{9A19103F-16F7-4668-BE54-9A1E7A4F7556}") = "FormulaOne.Entities", "FormulaOne.Entities\FormulaOne.Entities.csproj", "{BECA053A-7A34-4A74-B84F-3FC7F9977A99}"
EndProject
Project("{9A19103F-16F7-4668-BE54-9A1E7A4F7556}") = "FormulaOne.Data", "FormulaOne.Data\FormulaOne.Data.csproj", "{EF8193EB-1D58-4A30-A9F3-D26428425450}"
EndProject
Project("{9A19103F-16F7-4668-BE54-9A1E7A4F7556}") = "FormulaOne.API", "FormulaOne.API\FormulaOne.API.csproj", "{2BD79C6C-043E-4BF2-A5B7-073FB2155201}"
EndProject
Global
	GlobalSection(SolutionConfigurationPlatforms) = preSolution
		Debug|Any CPU = Debug|Any CPU
		Release|Any CPU = Release|Any CPU
	EndGlobalSection
	GlobalSection(ProjectConfigurationPlatforms) = postSolution
		{BECA053A-7A34-4A74-B84F-3FC7F9977A99}.Debug|Any CPU.ActiveCfg = Debug|Any CPU
		{BECA053A-7A34-4A74-B84F-3FC7F9977A99}.Debug|Any CPU.Build.0 = Debug|Any CPU
		{BECA053A-7A34-4A74-B84F-3FC7F9977A99}.Release|Any CPU.ActiveCfg = Release|Any CPU
		{BECA053A-7A34-4A74-B84F-3FC7F9977A99}.Release|Any CPU.Build.0 = Release|Any CPU
		{EF8193EB-1D58-4A30-A9F3-D26428425450}.Debug|Any CPU.ActiveCfg = Debug|Any CPU
		{EF8193EB-1D58-4A30-A9F3-D26428425450}.Debug|Any CPU.Build.0 = Debug|Any CPU
		{EF8193EB-1D58-4A30-A9F3-D26428425450}.Release|Any CPU.ActiveCfg = Release|Any CPU
		{EF8193EB-1D58-4A30-A9F3-D26428425450}.Release|Any CPU.Build.0 = Release|Any CPU
		{2BD79C6C-043E-4BF2-A5B7-073FB2155201}.Debug|Any CPU.ActiveCfg = Debug|Any CPU
		{2BD79C6C-043E-4BF2-A5B7-073FB2155201}.Debug|Any CPU.Build.0 = Debug|Any CPU
		{2BD79C6C-043E-4BF2-A5B7-073FB2155201}.Release|Any CPU.ActiveCfg = Release|Any CPU
		{2BD79C6C-043E-4BF2-A5B7-073FB2155201}.Release|Any CPU.Build.0 = Release|Any CPU
	EndGlobalSection
	GlobalSection(SolutionProperties) = preSolution
		HideSolutionNode = FALSE
	EndGlobalSection
	GlobalSection(ExtensibilityGlobals) = postSolution
		SolutionGuid = {6FA51D97-B409-4023-86AC-295C43EC080E}
	EndGlobalSection
EndGlobal
